
Microsoft Visual Studio Solution File, Format Version 12.00
# Visual Studio Version 17
VisualStudioVersion = 17.0.31903.59
MinimumVisualStudioVersion = 10.0.40219.1
Project("{FAE04EC0-301F-11D3-BF4B-00C04F79EFBC}") = "Domain", "Domain\Domain.csproj", "{7AB16338-140C-4246-BFB1-2295052D7837}"
EndProject
Project("{FAE04EC0-301F-11D3-BF4B-00C04F79EFBC}") = "Application", "Application\Application.csproj", "{ED4C7B44-DD2F-4D05-A2A7-85C79E3B41A6}"
EndProject
Project("{FAE04EC0-301F-11D3-BF4B-00C04F79EFBC}") = "Infrastructure", "Infrastructure\Infrastructure.csproj", "{9B54EB18-C707-4BEC-85EF-A4B102FA1531}"
EndProject
Project("{FAE04EC0-301F-11D3-BF4B-00C04F79EFBC}") = "Api", "Api\Api.csproj", "{BF80DA4A-27A9-4507-9378-29E18521E463}"
EndProject
Global
	GlobalSection(SolutionConfigurationPlatforms) = preSolution
		Debug|Any CPU = Debug|Any CPU
		Release|Any CPU = Release|Any CPU
	EndGlobalSection
	GlobalSection(SolutionProperties) = preSolution
		HideSolutionNode = FALSE
	EndGlobalSection
	GlobalSection(ProjectConfigurationPlatforms) = postSolution
		{7AB16338-140C-4246-BFB1-2295052D7837}.Debug|Any CPU.ActiveCfg = Debug|Any CPU
		{7AB16338-140C-4246-BFB1-2295052D7837}.Debug|Any CPU.Build.0 = Debug|Any CPU
		{7AB16338-140C-4246-BFB1-2295052D7837}.Release|Any CPU.ActiveCfg = Release|Any CPU
		{7AB16338-140C-4246-BFB1-2295052D7837}.Release|Any CPU.Build.0 = Release|Any CPU
		{ED4C7B44-DD2F-4D05-A2A7-85C79E3B41A6}.Debug|Any CPU.ActiveCfg = Debug|Any CPU
		{ED4C7B44-DD2F-4D05-A2A7-85C79E3B41A6}.Debug|Any CPU.Build.0 = Debug|Any CPU
		{ED4C7B44-DD2F-4D05-A2A7-85C79E3B41A6}.Release|Any CPU.ActiveCfg = Release|Any CPU
		{ED4C7B44-DD2F-4D05-A2A7-85C79E3B41A6}.Release|Any CPU.Build.0 = Release|Any CPU
		{9B54EB18-C707-4BEC-85EF-A4B102FA1531}.Debug|Any CPU.ActiveCfg = Debug|Any CPU
		{9B54EB18-C707-4BEC-85EF-A4B102FA1531}.Debug|Any CPU.Build.0 = Debug|Any CPU
		{9B54EB18-C707-4BEC-85EF-A4B102FA1531}.Release|Any CPU.ActiveCfg = Release|Any CPU
		{9B54EB18-C707-4BEC-85EF-A4B102FA1531}.Release|Any CPU.Build.0 = Release|Any CPU
		{BF80DA4A-27A9-4507-9378-29E18521E463}.Debug|Any CPU.ActiveCfg = Debug|Any CPU
		{BF80DA4A-27A9-4507-9378-29E18521E463}.Debug|Any CPU.Build.0 = Debug|Any CPU
		{BF80DA4A-27A9-4507-9378-29E18521E463}.Release|Any CPU.ActiveCfg = Release|Any CPU
		{BF80DA4A-27A9-4507-9378-29E18521E463}.Release|Any CPU.Build.0 = Release|Any CPU
	EndGlobalSection
EndGlobal
